// !$*UTF8*$!
{
	archiveVersion = 1;
	classes = {
	};
	objectVersion = 56;
	objects = {

/* Begin PBXBuildFile section */
		89D7EA082ABAC18500472DEB /* LifePilotApp.swift in Sources */ = {isa = PBXBuildFile; fileRef = 89D7EA072ABAC18500472DEB /* LifePilotApp.swift */; };
		89D7EA0A2ABAC18500472DEB /* ContentView.swift in Sources */ = {isa = PBXBuildFile; fileRef = 89D7EA092ABAC18500472DEB /* ContentView.swift */; };
		89D7EA0C2ABAC18700472DEB /* Assets.xcassets in Resources */ = {isa = PBXBuildFile; fileRef = 89D7EA0B2ABAC18700472DEB /* Assets.xcassets */; };
		89D7EA0F2ABAC18700472DEB /* Preview Assets.xcassets in Resources */ = {isa = PBXBuildFile; fileRef = 89D7EA0E2ABAC18700472DEB /* Preview Assets.xcassets */; };
		89D7EA112ABAC18700472DEB /* Persistence.swift in Sources */ = {isa = PBXBuildFile; fileRef = 89D7EA102ABAC18700472DEB /* Persistence.swift */; };
		89D7EA142ABAC18700472DEB /* LifePilot.xcdatamodeld in Sources */ = {isa = PBXBuildFile; fileRef = 89D7EA122ABAC18700472DEB /* LifePilot.xcdatamodeld */; };
		89D7EA1B2ABAC33300472DEB /* WelcomeScreen.swift in Sources */ = {isa = PBXBuildFile; fileRef = 89D7EA1A2ABAC33300472DEB /* WelcomeScreen.swift */; };
/* End PBXBuildFile section */

/* Begin PBXFileReference section */
		89D7EA042ABAC18500472DEB /* LifePilot.app */ = {isa = PBXFileReference; explicitFileType = wrapper.application; includeInIndex = 0; path = LifePilot.app; sourceTree = BUILT_PRODUCTS_DIR; };
		89D7EA072ABAC18500472DEB /* LifePilotApp.swift */ = {isa = PBXFileReference; lastKnownFileType = sourcecode.swift; path = LifePilotApp.swift; sourceTree = "<group>"; };
		89D7EA092ABAC18500472DEB /* ContentView.swift */ = {isa = PBXFileReference; lastKnownFileType = sourcecode.swift; path = ContentView.swift; sourceTree = "<group>"; };
		89D7EA0B2ABAC18700472DEB /* Assets.xcassets */ = {isa = PBXFileReference; lastKnownFileType = folder.assetcatalog; path = Assets.xcassets; sourceTree = "<group>"; };
		89D7EA0E2ABAC18700472DEB /* Preview Assets.xcassets */ = {isa = PBXFileReference; lastKnownFileType = folder.assetcatalog; path = "Preview Assets.xcassets"; sourceTree = "<group>"; };
		89D7EA102ABAC18700472DEB /* Persistence.swift */ = {isa = PBXFileReference; lastKnownFileType = sourcecode.swift; path = Persistence.swift; sourceTree = "<group>"; };
		89D7EA132ABAC18700472DEB /* LifePilot.xcdatamodel */ = {isa = PBXFileReference; lastKnownFileType = wrapper.xcdatamodel; path = LifePilot.xcdatamodel; sourceTree = "<group>"; };
		89D7EA1A2ABAC33300472DEB /* WelcomeScreen.swift */ = {isa = PBXFileReference; lastKnownFileType = sourcecode.swift; path = WelcomeScreen.swift; sourceTree = "<group>"; };
/* End PBXFileReference section */

/* Begin PBXFrameworksBuildPhase section */
		89D7EA012ABAC18500472DEB /* Frameworks */ = {
			isa = PBXFrameworksBuildPhase;
			buildActionMask = 2147483647;
			files = (
			);
			runOnlyForDeploymentPostprocessing = 0;
		};
/* End PBXFrameworksBuildPhase section */

/* Begin PBXGroup section */
		89D7E9FB2ABAC18500472DEB = {
			isa = PBXGroup;
			children = (
				89D7EA062ABAC18500472DEB /* LifePilot */,
				89D7EA052ABAC18500472DEB /* Products */,
			);
			sourceTree = "<group>";
		};
		89D7EA052ABAC18500472DEB /* Products */ = {
			isa = PBXGroup;
			children = (
				89D7EA042ABAC18500472DEB /* LifePilot.app */,
			);
			name = Products;
			sourceTree = "<group>";
		};
		89D7EA062ABAC18500472DEB /* LifePilot */ = {
			isa = PBXGroup;
			children = (
				89D7EA072ABAC18500472DEB /* LifePilotApp.swift */,
				89D7EA092ABAC18500472DEB /* ContentView.swift */,
				89D7EA1A2ABAC33300472DEB /* WelcomeScreen.swift */,
				89D7EA0B2ABAC18700472DEB /* Assets.xcassets */,
				89D7EA102ABAC18700472DEB /* Persistence.swift */,
				89D7EA122ABAC18700472DEB /* LifePilot.xcdatamodeld */,
				89D7EA0D2ABAC18700472DEB /* Preview Content */,
			);
			path = LifePilot;
			sourceTree = "<group>";
		};
		89D7EA0D2ABAC18700472DEB /* Preview Content */ = {
			isa = PBXGroup;
			children = (
				89D7EA0E2ABAC18700472DEB /* Preview Assets.xcassets */,
			);
			path = "Preview Content";
			sourceTree = "<group>";
		};
/* End PBXGroup section */

/* Begin PBXNativeTarget section */
		89D7EA032ABAC18500472DEB /* LifePilot */ = {
			isa = PBXNativeTarget;
			buildConfigurationList = 89D7EA172ABAC18700472DEB /* Build configuration list for PBXNativeTarget "LifePilot" */;
			buildPhases = (
				89D7EA002ABAC18500472DEB /* Sources */,
				89D7EA012ABAC18500472DEB /* Frameworks */,
				89D7EA022ABAC18500472DEB /* Resources */,
			);
			buildRules = (
			);
			dependencies = (
			);
			name = LifePilot;
			productName = LifePilot;
			productReference = 89D7EA042ABAC18500472DEB /* LifePilot.app */;
			productType = "com.apple.product-type.application";
		};
/* End PBXNativeTarget section */

/* Begin PBXProject section */
		89D7E9FC2ABAC18500472DEB /* Project object */ = {
			isa = PBXProject;
			attributes = {
				BuildIndependentTargetsInParallel = 1;
				LastSwiftUpdateCheck = 1430;
				LastUpgradeCheck = 1430;
				TargetAttributes = {
					89D7EA032ABAC18500472DEB = {
						CreatedOnToolsVersion = 14.3;
					};
				};
			};
			buildConfigurationList = 89D7E9FF2ABAC18500472DEB /* Build configuration list for PBXProject "LifePilot" */;
			compatibilityVersion = "Xcode 14.0";
			developmentRegion = en;
			hasScannedForEncodings = 0;
			knownRegions = (
				en,
				Base,
			);
			mainGroup = 89D7E9FB2ABAC18500472DEB;
			productRefGroup = 89D7EA052ABAC18500472DEB /* Products */;
			projectDirPath = "";
			projectRoot = "";
			targets = (
				89D7EA032ABAC18500472DEB /* LifePilot */,
			);
		};
/* End PBXProject section */

/* Begin PBXResourcesBuildPhase section */
		89D7EA022ABAC18500472DEB /* Resources */ = {
			isa = PBXResourcesBuildPhase;
			buildActionMask = 2147483647;
			files = (
				89D7EA0F2ABAC18700472DEB /* Preview Assets.xcassets in Resources */,
				89D7EA0C2ABAC18700472DEB /* Assets.xcassets in Resources */,
			);
			runOnlyForDeploymentPostprocessing = 0;
		};
/* End PBXResourcesBuildPhase section */

/* Begin PBXSourcesBuildPhase section */
		89D7EA002ABAC18500472DEB /* Sources */ = {
			isa = PBXSourcesBuildPhase;
			buildActionMask = 2147483647;
			files = (
				89D7EA112ABAC18700472DEB /* Persistence.swift in Sources */,
				89D7EA0A2ABAC18500472DEB /* ContentView.swift in Sources */,
				89D7EA1B2ABAC33300472DEB /* WelcomeScreen.swift in Sources */,
				89D7EA142ABAC18700472DEB /* LifePilot.xcdatamodeld in Sources */,
				89D7EA082ABAC18500472DEB /* LifePilotApp.swift in Sources */,
			);
			runOnlyForDeploymentPostprocessing = 0;
		};
/* End PBXSourcesBuildPhase section */

/* Begin XCBuildConfiguration section */
		89D7EA152ABAC18700472DEB /* Debug */ = {
			isa = XCBuildConfiguration;
			buildSettings = {
				ALWAYS_SEARCH_USER_PATHS = NO;
				CLANG_ANALYZER_NONNULL = YES;
				CLANG_ANALYZER_NUMBER_OBJECT_CONVERSION = YES_AGGRESSIVE;
				CLANG_CXX_LANGUAGE_STANDARD = "gnu++20";
				CLANG_ENABLE_MODULES = YES;
				CLANG_ENABLE_OBJC_ARC = YES;
				CLANG_ENABLE_OBJC_WEAK = YES;
				CLANG_WARN_BLOCK_CAPTURE_AUTORELEASING = YES;
				CLANG_WARN_BOOL_CONVERSION = YES;
				CLANG_WARN_COMMA = YES;
				CLANG_WARN_CONSTANT_CONVERSION = YES;
				CLANG_WARN_DEPRECATED_OBJC_IMPLEMENTATIONS = YES;
				CLANG_WARN_DIRECT_OBJC_ISA_USAGE = YES_ERROR;
				CLANG_WARN_DOCUMENTATION_COMMENTS = YES;
				CLANG_WARN_EMPTY_BODY = YES;
				CLANG_WARN_ENUM_CONVERSION = YES;
				CLANG_WARN_INFINITE_RECURSION = YES;
				CLANG_WARN_INT_CONVERSION = YES;
				CLANG_WARN_NON_LITERAL_NULL_CONVERSION = YES;
				CLANG_WARN_OBJC_IMPLICIT_RETAIN_SELF = YES;
				CLANG_WARN_OBJC_LITERAL_CONVERSION = YES;
				CLANG_WARN_OBJC_ROOT_CLASS = YES_ERROR;
				CLANG_WARN_QUOTED_INCLUDE_IN_FRAMEWORK_HEADER = YES;
				CLANG_WARN_RANGE_LOOP_ANALYSIS = YES;
				CLANG_WARN_STRICT_PROTOTYPES = YES;
				CLANG_WARN_SUSPICIOUS_MOVE = YES;
				CLANG_WARN_UNGUARDED_AVAILABILITY = YES_AGGRESSIVE;
				CLANG_WARN_UNREACHABLE_CODE = YES;
				CLANG_WARN__DUPLICATE_METHOD_MATCH = YES;
				COPY_PHASE_STRIP = NO;
				DEBUG_INFORMATION_FORMAT = dwarf;
				ENABLE_STRICT_OBJC_MSGSEND = YES;
				ENABLE_TESTABILITY = YES;
				GCC_C_LANGUAGE_STANDARD = gnu11;
				GCC_DYNAMIC_NO_PIC = NO;
				GCC_NO_COMMON_BLOCKS = YES;
				GCC_OPTIMIZATION_LEVEL = 0;
				GCC_PREPROCESSOR_DEFINITIONS = (
					"DEBUG=1",
					"$(inherited)",
				);
				GCC_WARN_64_TO_32_BIT_CONVERSION = YES;
				GCC_WARN_ABOUT_RETURN_TYPE = YES_ERROR;
				GCC_WARN_UNDECLARED_SELECTOR = YES;
				GCC_WARN_UNINITIALIZED_AUTOS = YES_AGGRESSIVE;
				GCC_WARN_UNUSED_FUNCTION = YES;
				GCC_WARN_UNUSED_VARIABLE = YES;
				IPHONEOS_DEPLOYMENT_TARGET = 16.4;
				MTL_ENABLE_DEBUG_INFO = INCLUDE_SOURCE;
				MTL_FAST_MATH = YES;
				ONLY_ACTIVE_ARCH = YES;
				SDKROOT = iphoneos;
				SWIFT_ACTIVE_COMPILATION_CONDITIONS = DEBUG;
				SWIFT_OPTIMIZATION_LEVEL = "-Onone";
			};
			name = Debug;
		};
		89D7EA162ABAC18700472DEB /* Release */ = {
			isa = XCBuildConfiguration;
			buildSettings = {
				ALWAYS_SEARCH_USER_PATHS = NO;
				CLANG_ANALYZER_NONNULL = YES;
				CLANG_ANALYZER_NUMBER_OBJECT_CONVERSION = YES_AGGRESSIVE;
				CLANG_CXX_LANGUAGE_STANDARD = "gnu++20";
				CLANG_ENABLE_MODULES = YES;
				CLANG_ENABLE_OBJC_ARC = YES;
				CLANG_ENABLE_OBJC_WEAK = YES;
				CLANG_WARN_BLOCK_CAPTURE_AUTORELEASING = YES;
				CLANG_WARN_BOOL_CONVERSION = YES;
				CLANG_WARN_COMMA = YES;
				CLANG_WARN_CONSTANT_CONVERSION = YES;
				CLANG_WARN_DEPRECATED_OBJC_IMPLEMENTATIONS = YES;
				CLANG_WARN_DIRECT_OBJC_ISA_USAGE = YES_ERROR;
				CLANG_WARN_DOCUMENTATION_COMMENTS = YES;
				CLANG_WARN_EMPTY_BODY = YES;
				CLANG_WARN_ENUM_CONVERSION = YES;
				CLANG_WARN_INFINITE_RECURSION = YES;
				CLANG_WARN_INT_CONVERSION = YES;
				CLANG_WARN_NON_LITERAL_NULL_CONVERSION = YES;
				CLANG_WARN_OBJC_IMPLICIT_RETAIN_SELF = YES;
				CLANG_WARN_OBJC_LITERAL_CONVERSION = YES;
				CLANG_WARN_OBJC_ROOT_CLASS = YES_ERROR;
				CLANG_WARN_QUOTED_INCLUDE_IN_FRAMEWORK_HEADER = YES;
				CLANG_WARN_RANGE_LOOP_ANALYSIS = YES;
				CLANG_WARN_STRICT_PROTOTYPES = YES;
				CLANG_WARN_SUSPICIOUS_MOVE = YES;
				CLANG_WARN_UNGUARDED_AVAILABILITY = YES_AGGRESSIVE;
				CLANG_WARN_UNREACHABLE_CODE = YES;
				CLANG_WARN__DUPLICATE_METHOD_MATCH = YES;
				COPY_PHASE_STRIP = NO;
				DEBUG_INFORMATION_FORMAT = "dwarf-with-dsym";
				ENABLE_NS_ASSERTIONS = NO;
				ENABLE_STRICT_OBJC_MSGSEND = YES;
				GCC_C_LANGUAGE_STANDARD = gnu11;
				GCC_NO_COMMON_BLOCKS = YES;
				GCC_WARN_64_TO_32_BIT_CONVERSION = YES;
				GCC_WARN_ABOUT_RETURN_TYPE = YES_ERROR;
				GCC_WARN_UNDECLARED_SELECTOR = YES;
				GCC_WARN_UNINITIALIZED_AUTOS = YES_AGGRESSIVE;
				GCC_WARN_UNUSED_FUNCTION = YES;
				GCC_WARN_UNUSED_VARIABLE = YES;
				IPHONEOS_DEPLOYMENT_TARGET = 16.4;
				MTL_ENABLE_DEBUG_INFO = NO;
				MTL_FAST_MATH = YES;
				SDKROOT = iphoneos;
				SWIFT_COMPILATION_MODE = wholemodule;
				SWIFT_OPTIMIZATION_LEVEL = "-O";
				VALIDATE_PRODUCT = YES;
			};
			name = Release;
		};
		89D7EA182ABAC18700472DEB /* Debug */ = {
			isa = XCBuildConfiguration;
			buildSettings = {
				ASSETCATALOG_COMPILER_APPICON_NAME = AppIcon;
				ASSETCATALOG_COMPILER_GLOBAL_ACCENT_COLOR_NAME = AccentColor;
				CODE_SIGN_STYLE = Automatic;
				CURRENT_PROJECT_VERSION = 1;
				DEVELOPMENT_ASSET_PATHS = "\"LifePilot/Preview Content\"";
				DEVELOPMENT_TEAM = SN4TZFNX6N;
				ENABLE_PREVIEWS = YES;
				GENERATE_INFOPLIST_FILE = YES;
				INFOPLIST_KEY_UIApplicationSceneManifest_Generation = YES;
				INFOPLIST_KEY_UIApplicationSupportsIndirectInputEvents = YES;
				INFOPLIST_KEY_UILaunchScreen_Generation = YES;
				INFOPLIST_KEY_UISupportedInterfaceOrientations_iPad = "UIInterfaceOrientationPortrait UIInterfaceOrientationPortraitUpsideDown UIInterfaceOrientationLandscapeLeft UIInterfaceOrientationLandscapeRight";
				INFOPLIST_KEY_UISupportedInterfaceOrientations_iPhone = "UIInterfaceOrientationPortrait UIInterfaceOrientationLandscapeLeft UIInterfaceOrientationLandscapeRight";
				LD_RUNPATH_SEARCH_PATHS = (
					"$(inherited)",
					"@executable_path/Frameworks",
				);
				MARKETING_VERSION = 1.0;
				PRODUCT_BUNDLE_IDENTIFIER = com.hugovalverde.LifePilot;
				PRODUCT_NAME = "$(TARGET_NAME)";
				SWIFT_EMIT_LOC_STRINGS = YES;
				SWIFT_VERSION = 5.0;
				TARGETED_DEVICE_FAMILY = "1,2";
			};
			name = Debug;
		};
		89D7EA192ABAC18700472DEB /* Release */ = {
			isa = XCBuildConfiguration;
			buildSettings = {
				ASSETCATALOG_COMPILER_APPICON_NAME = AppIcon;
				ASSETCATALOG_COMPILER_GLOBAL_ACCENT_COLOR_NAME = AccentColor;
				CODE_SIGN_STYLE = Automatic;
				CURRENT_PROJECT_VERSION = 1;
				DEVELOPMENT_ASSET_PATHS = "\"LifePilot/Preview Content\"";
				DEVELOPMENT_TEAM = SN4TZFNX6N;
				ENABLE_PREVIEWS = YES;
				GENERATE_INFOPLIST_FILE = YES;
				INFOPLIST_KEY_UIApplicationSceneManifest_Generation = YES;
				INFOPLIST_KEY_UIApplicationSupportsIndirectInputEvents = YES;
				INFOPLIST_KEY_UILaunchScreen_Generation = YES;
				INFOPLIST_KEY_UISupportedInterfaceOrientations_iPad = "UIInterfaceOrientationPortrait UIInterfaceOrientationPortraitUpsideDown UIInterfaceOrientationLandscapeLeft UIInterfaceOrientationLandscapeRight";
				INFOPLIST_KEY_UISupportedInterfaceOrientations_iPhone = "UIInterfaceOrientationPortrait UIInterfaceOrientationLandscapeLeft UIInterfaceOrientationLandscapeRight";
				LD_RUNPATH_SEARCH_PATHS = (
					"$(inherited)",
					"@executable_path/Frameworks",
				);
				MARKETING_VERSION = 1.0;
				PRODUCT_BUNDLE_IDENTIFIER = com.hugovalverde.LifePilot;
				PRODUCT_NAME = "$(TARGET_NAME)";
				SWIFT_EMIT_LOC_STRINGS = YES;
				SWIFT_VERSION = 5.0;
				TARGETED_DEVICE_FAMILY = "1,2";
			};
			name = Release;
		};
/* End XCBuildConfiguration section */

/* Begin XCConfigurationList section */
		89D7E9FF2ABAC18500472DEB /* Build configuration list for PBXProject "LifePilot" */ = {
			isa = XCConfigurationList;
			buildConfigurations = (
				89D7EA152ABAC18700472DEB /* Debug */,
				89D7EA162ABAC18700472DEB /* Release */,
			);
			defaultConfigurationIsVisible = 0;
			defaultConfigurationName = Release;
		};
		89D7EA172ABAC18700472DEB /* Build configuration list for PBXNativeTarget "LifePilot" */ = {
			isa = XCConfigurationList;
			buildConfigurations = (
				89D7EA182ABAC18700472DEB /* Debug */,
				89D7EA192ABAC18700472DEB /* Release */,
			);
			defaultConfigurationIsVisible = 0;
			defaultConfigurationName = Release;
		};
/* End XCConfigurationList section */

/* Begin XCVersionGroup section */
		89D7EA122ABAC18700472DEB /* LifePilot.xcdatamodeld */ = {
			isa = XCVersionGroup;
			children = (
				89D7EA132ABAC18700472DEB /* LifePilot.xcdatamodel */,
			);
			currentVersion = 89D7EA132ABAC18700472DEB /* LifePilot.xcdatamodel */;
			path = LifePilot.xcdatamodeld;
			sourceTree = "<group>";
			versionGroupType = wrapper.xcdatamodel;
		};
/* End XCVersionGroup section */
	};
	rootObject = 89D7E9FC2ABAC18500472DEB /* Project object */;
}
